
Microsoft Visual Studio Solution File, Format Version 12.00
# Visual Studio Version 16
VisualStudioVersion = 16.0.31424.327
MinimumVisualStudioVersion = 10.0.40219.1
Project("{9A19103F-16F7-4668-BE54-9A1E7A4F7556}") = "Football", "Football.csproj", "{A0074C65-5959-4DEB-98AB-5AAC2F2DCD9E}"
EndProject
Global
	GlobalSection(SolutionConfigurationPlatforms) = preSolution
		Debug|Any CPU = Debug|Any CPU
		Release|Any CPU = Release|Any CPU
	EndGlobalSection
	GlobalSection(ProjectConfigurationPlatforms) = postSolution
		{A0074C65-5959-4DEB-98AB-5AAC2F2DCD9E}.Debug|Any CPU.ActiveCfg = Debug|Any CPU
		{A0074C65-5959-4DEB-98AB-5AAC2F2DCD9E}.Debug|Any CPU.Build.0 = Debug|Any CPU
		{A0074C65-5959-4DEB-98AB-5AAC2F2DCD9E}.Release|Any CPU.ActiveCfg = Release|Any CPU
		{A0074C65-5959-4DEB-98AB-5AAC2F2DCD9E}.Release|Any CPU.Build.0 = Release|Any CPU
	EndGlobalSection
	GlobalSection(SolutionProperties) = preSolution
		HideSolutionNode = FALSE
	EndGlobalSection
	GlobalSection(ExtensibilityGlobals) = postSolution
		SolutionGuid = {39A359C7-C580-4961-B8A8-2D6265E344B1}
	EndGlobalSection
EndGlobal
